
Microsoft Visual Studio Solution File, Format Version 12.00
# Visual Studio 14
VisualStudioVersion = 14.0.25420.1
MinimumVisualStudioVersion = 10.0.40219.1
Project("{FAE04EC0-301F-11D3-BF4B-00C04F79EFBC}") = "KNMP_win", "KNMP_win\KNMP_win.csproj", "{0B64D38E-DE0F-4D72-A763-39CCECBC22BB}"
EndProject
Global
	GlobalSection(SolutionConfigurationPlatforms) = preSolution
		Debug|Any CPU = Debug|Any CPU
		Release|Any CPU = Release|Any CPU
	EndGlobalSection
	GlobalSection(ProjectConfigurationPlatforms) = postSolution
		{0B64D38E-DE0F-4D72-A763-39CCECBC22BB}.Debug|Any CPU.ActiveCfg = Debug|Any CPU
		{0B64D38E-DE0F-4D72-A763-39CCECBC22BB}.Debug|Any CPU.Build.0 = Debug|Any CPU
		{0B64D38E-DE0F-4D72-A763-39CCECBC22BB}.Release|Any CPU.ActiveCfg = Release|Any CPU
		{0B64D38E-DE0F-4D72-A763-39CCECBC22BB}.Release|Any CPU.Build.0 = Release|Any CPU
	EndGlobalSection
	GlobalSection(SolutionProperties) = preSolution
		HideSolutionNode = FALSE
	EndGlobalSection
EndGlobal
